
Microsoft Visual Studio Solution File, Format Version 12.00
# Visual Studio Version 17
VisualStudioVersion = 17.6.33712.159
MinimumVisualStudioVersion = 10.0.40219.1
Project("{9A19103F-16F7-4668-BE54-9A1E7A4F7556}") = "wtp-file-backup", "wtp-file-backup.csproj", "{ABF28871-6A0F-453B-85BE-2A4496963ADB}"
EndProject
Global
	GlobalSection(SolutionConfigurationPlatforms) = preSolution
		Debug|Any CPU = Debug|Any CPU
		Release|Any CPU = Release|Any CPU
	EndGlobalSection
	GlobalSection(ProjectConfigurationPlatforms) = postSolution
		{ABF28871-6A0F-453B-85BE-2A4496963ADB}.Debug|Any CPU.ActiveCfg = Debug|Any CPU
		{ABF28871-6A0F-453B-85BE-2A4496963ADB}.Debug|Any CPU.Build.0 = Debug|Any CPU
		{ABF28871-6A0F-453B-85BE-2A4496963ADB}.Release|Any CPU.ActiveCfg = Release|Any CPU
		{ABF28871-6A0F-453B-85BE-2A4496963ADB}.Release|Any CPU.Build.0 = Release|Any CPU
	EndGlobalSection
	GlobalSection(SolutionProperties) = preSolution
		HideSolutionNode = FALSE
	EndGlobalSection
	GlobalSection(ExtensibilityGlobals) = postSolution
		SolutionGuid = {48DE28F9-94E8-43EE-8AD3-58A6F3671CE7}
	EndGlobalSection
EndGlobal
