
Microsoft Visual Studio Solution File, Format Version 12.00
# Visual Studio Version 17
VisualStudioVersion = 17.3.32929.385
MinimumVisualStudioVersion = 10.0.40219.1
Project("{9A19103F-16F7-4668-BE54-9A1E7A4F7556}") = "group-advantage-models", "group-advantage-models\group-advantage-models.csproj", "{0ACA6517-9297-4A04-A422-2E23469235EE}"
EndProject
Project("{FAE04EC0-301F-11D3-BF4B-00C04F79EFBC}") = "group-advantage-models-test", "group-advantage-models-test\group-advantage-models-test.csproj", "{7E9DDFF6-185A-4403-8334-E1FDC289D6F4}"
EndProject
Global
	GlobalSection(SolutionConfigurationPlatforms) = preSolution
		Debug|Any CPU = Debug|Any CPU
		Release|Any CPU = Release|Any CPU
	EndGlobalSection
	GlobalSection(ProjectConfigurationPlatforms) = postSolution
		{0ACA6517-9297-4A04-A422-2E23469235EE}.Debug|Any CPU.ActiveCfg = Debug|Any CPU
		{0ACA6517-9297-4A04-A422-2E23469235EE}.Debug|Any CPU.Build.0 = Debug|Any CPU
		{0ACA6517-9297-4A04-A422-2E23469235EE}.Release|Any CPU.ActiveCfg = Release|Any CPU
		{0ACA6517-9297-4A04-A422-2E23469235EE}.Release|Any CPU.Build.0 = Release|Any CPU
		{7E9DDFF6-185A-4403-8334-E1FDC289D6F4}.Debug|Any CPU.ActiveCfg = Debug|Any CPU
		{7E9DDFF6-185A-4403-8334-E1FDC289D6F4}.Debug|Any CPU.Build.0 = Debug|Any CPU
		{7E9DDFF6-185A-4403-8334-E1FDC289D6F4}.Release|Any CPU.ActiveCfg = Release|Any CPU
		{7E9DDFF6-185A-4403-8334-E1FDC289D6F4}.Release|Any CPU.Build.0 = Release|Any CPU
	EndGlobalSection
	GlobalSection(SolutionProperties) = preSolution
		HideSolutionNode = FALSE
	EndGlobalSection
	GlobalSection(ExtensibilityGlobals) = postSolution
		SolutionGuid = {0380BFF2-EAFB-4D5B-A306-E64219C33539}
	EndGlobalSection
EndGlobal
